
Microsoft Visual Studio Solution File, Format Version 12.00
# Visual Studio 15
VisualStudioVersion = 15.0.27703.2018
MinimumVisualStudioVersion = 10.0.40219.1
Project("{8BC9CEB8-8B4A-11D0-8D11-00A0C91BC942}") = "GateTypeValidator", "GateTypeValidator\GateTypeValidator.vcxproj", "{E17B61FB-045C-49BE-A37D-35F8A7E4407F}"
EndProject
Project("{8BC9CEB8-8B4A-11D0-8D11-00A0C91BC942}") = "GetMatrix", "GetMatrix\GetMatrix.vcxproj", "{639F338C-4638-4726-83B7-F94FBA9AA454}"
EndProject
Project("{8BC9CEB8-8B4A-11D0-8D11-00A0C91BC942}") = "Measure", "Measure\Measure.vcxproj", "{75E45751-AF64-4679-9A24-A58CBC90C576}"
EndProject
Project("{8BC9CEB8-8B4A-11D0-8D11-00A0C91BC942}") = "OriginIRToQProg", "OriginIRToQProg\OriginIRToQProg.vcxproj", "{E17CAEE9-5517-4720-B0AA-AC6203262D00}"
EndProject
Project("{8BC9CEB8-8B4A-11D0-8D11-00A0C91BC942}") = "PMeasure", "PMeasure\PMeasure.vcxproj", "{E1B8C28E-8C04-45DD-9003-D520F8323808}"
EndProject
Project("{8BC9CEB8-8B4A-11D0-8D11-00A0C91BC942}") = "QCircuit", "QCircuit\QCircuit.vcxproj", "{34E9844D-FF9B-4D54-8E11-3C864549EE03}"
EndProject
Project("{8BC9CEB8-8B4A-11D0-8D11-00A0C91BC942}") = "QGate", "QGate\QGate.vcxproj", "{16E371F7-46E9-4834-9CF0-1A96BB20F5C0}"
EndProject
Project("{8BC9CEB8-8B4A-11D0-8D11-00A0C91BC942}") = "QGateCounter", "QGateCounter\QGateCounter.vcxproj", "{3D560802-D1FF-46AF-85B3-09A9DAA56BA5}"
EndProject
Project("{8BC9CEB8-8B4A-11D0-8D11-00A0C91BC942}") = "QIf", "QIf\QIf.vcxproj", "{1C5E87B3-F641-41BF-BA0F-82F4EF056C49}"
EndProject
Project("{8BC9CEB8-8B4A-11D0-8D11-00A0C91BC942}") = "QProg", "QProg\QProg.vcxproj", "{306E81EB-D50B-469D-95DF-94FD1CCA6314}"
EndProject
Project("{8BC9CEB8-8B4A-11D0-8D11-00A0C91BC942}") = "QProgClockCycle", "QProgClockCycle\QProgClockCycle.vcxproj", "{25A5EF81-309E-43E8-8F0A-DEBA29C753F3}"
EndProject
Project("{8BC9CEB8-8B4A-11D0-8D11-00A0C91BC942}") = "QProgDataParse", "QProgDataParse\QProgDataParse.vcxproj", "{EDB4585D-7AFF-4E74-8488-8B943CCB60C2}"
EndProject
Project("{8BC9CEB8-8B4A-11D0-8D11-00A0C91BC942}") = "QProgStored", "QProgStored\QProgStored.vcxproj", "{B12514FD-3A35-456B-8F1C-3E63B4E8A517}"
EndProject
Project("{8BC9CEB8-8B4A-11D0-8D11-00A0C91BC942}") = "QProgToOriginIR", "QProgToOriginIR\QProgToOriginIR.vcxproj", "{A5290C6A-3205-4EB9-B0F7-BADC674EC931}"
EndProject
Project("{8BC9CEB8-8B4A-11D0-8D11-00A0C91BC942}") = "QProgToQASM", "QProgToQASM\QProgToQASM.vcxproj", "{FE948910-5F7F-4ABE-A85C-281BFE4053F5}"
EndProject
Project("{8BC9CEB8-8B4A-11D0-8D11-00A0C91BC942}") = "QProgToQuil", "QProgToQuil\QProgToQuil.vcxproj", "{A43E7333-870E-4257-9350-EA90B82DEC03}"
EndProject
Project("{8BC9CEB8-8B4A-11D0-8D11-00A0C91BC942}") = "QWhile", "QWhile\QWhile.vcxproj", "{E774994C-6D19-4CC7-946F-EA98C1F00264}"
EndProject
Project("{8BC9CEB8-8B4A-11D0-8D11-00A0C91BC942}") = "QGateCompare", "QGateCompare\QGateCompare.vcxproj", "{CB25CAFF-920B-4CC2-BF92-D5CCB7833159}"
EndProject
Project("{8BC9CEB8-8B4A-11D0-8D11-00A0C91BC942}") = "QASMToQProg", "QASMToQProg\QASMToQProg.vcxproj", "{4F388C6E-30FE-4CF7-8843-DF3DE7057A83}"
EndProject
Global
	GlobalSection(SolutionConfigurationPlatforms) = preSolution
		Debug|x64 = Debug|x64
		Debug|x86 = Debug|x86
		Release|x64 = Release|x64
		Release|x86 = Release|x86
	EndGlobalSection
	GlobalSection(ProjectConfigurationPlatforms) = postSolution
		{E17B61FB-045C-49BE-A37D-35F8A7E4407F}.Debug|x64.ActiveCfg = Debug|x64
		{E17B61FB-045C-49BE-A37D-35F8A7E4407F}.Debug|x64.Build.0 = Debug|x64
		{E17B61FB-045C-49BE-A37D-35F8A7E4407F}.Debug|x86.ActiveCfg = Debug|Win32
		{E17B61FB-045C-49BE-A37D-35F8A7E4407F}.Debug|x86.Build.0 = Debug|Win32
		{E17B61FB-045C-49BE-A37D-35F8A7E4407F}.Release|x64.ActiveCfg = Release|x64
		{E17B61FB-045C-49BE-A37D-35F8A7E4407F}.Release|x64.Build.0 = Release|x64
		{E17B61FB-045C-49BE-A37D-35F8A7E4407F}.Release|x86.ActiveCfg = Release|Win32
		{E17B61FB-045C-49BE-A37D-35F8A7E4407F}.Release|x86.Build.0 = Release|Win32
		{639F338C-4638-4726-83B7-F94FBA9AA454}.Debug|x64.ActiveCfg = Debug|x64
		{639F338C-4638-4726-83B7-F94FBA9AA454}.Debug|x64.Build.0 = Debug|x64
		{639F338C-4638-4726-83B7-F94FBA9AA454}.Debug|x86.ActiveCfg = Debug|Win32
		{639F338C-4638-4726-83B7-F94FBA9AA454}.Debug|x86.Build.0 = Debug|Win32
		{639F338C-4638-4726-83B7-F94FBA9AA454}.Release|x64.ActiveCfg = Release|x64
		{639F338C-4638-4726-83B7-F94FBA9AA454}.Release|x64.Build.0 = Release|x64
		{639F338C-4638-4726-83B7-F94FBA9AA454}.Release|x86.ActiveCfg = Release|Win32
		{639F338C-4638-4726-83B7-F94FBA9AA454}.Release|x86.Build.0 = Release|Win32
		{75E45751-AF64-4679-9A24-A58CBC90C576}.Debug|x64.ActiveCfg = Debug|x64
		{75E45751-AF64-4679-9A24-A58CBC90C576}.Debug|x64.Build.0 = Debug|x64
		{75E45751-AF64-4679-9A24-A58CBC90C576}.Debug|x86.ActiveCfg = Debug|Win32
		{75E45751-AF64-4679-9A24-A58CBC90C576}.Debug|x86.Build.0 = Debug|Win32
		{75E45751-AF64-4679-9A24-A58CBC90C576}.Release|x64.ActiveCfg = Release|x64
		{75E45751-AF64-4679-9A24-A58CBC90C576}.Release|x64.Build.0 = Release|x64
		{75E45751-AF64-4679-9A24-A58CBC90C576}.Release|x86.ActiveCfg = Release|Win32
		{75E45751-AF64-4679-9A24-A58CBC90C576}.Release|x86.Build.0 = Release|Win32
		{E17CAEE9-5517-4720-B0AA-AC6203262D00}.Debug|x64.ActiveCfg = Debug|x64
		{E17CAEE9-5517-4720-B0AA-AC6203262D00}.Debug|x64.Build.0 = Debug|x64
		{E17CAEE9-5517-4720-B0AA-AC6203262D00}.Debug|x86.ActiveCfg = Debug|Win32
		{E17CAEE9-5517-4720-B0AA-AC6203262D00}.Debug|x86.Build.0 = Debug|Win32
		{E17CAEE9-5517-4720-B0AA-AC6203262D00}.Release|x64.ActiveCfg = Release|x64
		{E17CAEE9-5517-4720-B0AA-AC6203262D00}.Release|x64.Build.0 = Release|x64
		{E17CAEE9-5517-4720-B0AA-AC6203262D00}.Release|x86.ActiveCfg = Release|Win32
		{E17CAEE9-5517-4720-B0AA-AC6203262D00}.Release|x86.Build.0 = Release|Win32
		{E1B8C28E-8C04-45DD-9003-D520F8323808}.Debug|x64.ActiveCfg = Debug|x64
		{E1B8C28E-8C04-45DD-9003-D520F8323808}.Debug|x64.Build.0 = Debug|x64
		{E1B8C28E-8C04-45DD-9003-D520F8323808}.Debug|x86.ActiveCfg = Debug|Win32
		{E1B8C28E-8C04-45DD-9003-D520F8323808}.Debug|x86.Build.0 = Debug|Win32
		{E1B8C28E-8C04-45DD-9003-D520F8323808}.Release|x64.ActiveCfg = Release|x64
		{E1B8C28E-8C04-45DD-9003-D520F8323808}.Release|x64.Build.0 = Release|x64
		{E1B8C28E-8C04-45DD-9003-D520F8323808}.Release|x86.ActiveCfg = Release|Win32
		{E1B8C28E-8C04-45DD-9003-D520F8323808}.Release|x86.Build.0 = Release|Win32
		{34E9844D-FF9B-4D54-8E11-3C864549EE03}.Debug|x64.ActiveCfg = Debug|x64
		{34E9844D-FF9B-4D54-8E11-3C864549EE03}.Debug|x64.Build.0 = Debug|x64
		{34E9844D-FF9B-4D54-8E11-3C864549EE03}.Debug|x86.ActiveCfg = Debug|Win32
		{34E9844D-FF9B-4D54-8E11-3C864549EE03}.Debug|x86.Build.0 = Debug|Win32
		{34E9844D-FF9B-4D54-8E11-3C864549EE03}.Release|x64.ActiveCfg = Release|x64
		{34E9844D-FF9B-4D54-8E11-3C864549EE03}.Release|x64.Build.0 = Release|x64
		{34E9844D-FF9B-4D54-8E11-3C864549EE03}.Release|x86.ActiveCfg = Release|Win32
		{34E9844D-FF9B-4D54-8E11-3C864549EE03}.Release|x86.Build.0 = Release|Win32
		{16E371F7-46E9-4834-9CF0-1A96BB20F5C0}.Debug|x64.ActiveCfg = Debug|x64
		{16E371F7-46E9-4834-9CF0-1A96BB20F5C0}.Debug|x64.Build.0 = Debug|x64
		{16E371F7-46E9-4834-9CF0-1A96BB20F5C0}.Debug|x86.ActiveCfg = Debug|Win32
		{16E371F7-46E9-4834-9CF0-1A96BB20F5C0}.Debug|x86.Build.0 = Debug|Win32
		{16E371F7-46E9-4834-9CF0-1A96BB20F5C0}.Release|x64.ActiveCfg = Release|x64
		{16E371F7-46E9-4834-9CF0-1A96BB20F5C0}.Release|x64.Build.0 = Release|x64
		{16E371F7-46E9-4834-9CF0-1A96BB20F5C0}.Release|x86.ActiveCfg = Release|Win32
		{16E371F7-46E9-4834-9CF0-1A96BB20F5C0}.Release|x86.Build.0 = Release|Win32
		{3D560802-D1FF-46AF-85B3-09A9DAA56BA5}.Debug|x64.ActiveCfg = Debug|x64
		{3D560802-D1FF-46AF-85B3-09A9DAA56BA5}.Debug|x64.Build.0 = Debug|x64
		{3D560802-D1FF-46AF-85B3-09A9DAA56BA5}.Debug|x86.ActiveCfg = Debug|Win32
		{3D560802-D1FF-46AF-85B3-09A9DAA56BA5}.Debug|x86.Build.0 = Debug|Win32
		{3D560802-D1FF-46AF-85B3-09A9DAA56BA5}.Release|x64.ActiveCfg = Release|x64
		{3D560802-D1FF-46AF-85B3-09A9DAA56BA5}.Release|x64.Build.0 = Release|x64
		{3D560802-D1FF-46AF-85B3-09A9DAA56BA5}.Release|x86.ActiveCfg = Release|Win32
		{3D560802-D1FF-46AF-85B3-09A9DAA56BA5}.Release|x86.Build.0 = Release|Win32
		{1C5E87B3-F641-41BF-BA0F-82F4EF056C49}.Debug|x64.ActiveCfg = Debug|x64
		{1C5E87B3-F641-41BF-BA0F-82F4EF056C49}.Debug|x64.Build.0 = Debug|x64
		{1C5E87B3-F641-41BF-BA0F-82F4EF056C49}.Debug|x86.ActiveCfg = Debug|Win32
		{1C5E87B3-F641-41BF-BA0F-82F4EF056C49}.Debug|x86.Build.0 = Debug|Win32
		{1C5E87B3-F641-41BF-BA0F-82F4EF056C49}.Release|x64.ActiveCfg = Release|x64
		{1C5E87B3-F641-41BF-BA0F-82F4EF056C49}.Release|x64.Build.0 = Release|x64
		{1C5E87B3-F641-41BF-BA0F-82F4EF056C49}.Release|x86.ActiveCfg = Release|Win32
		{1C5E87B3-F641-41BF-BA0F-82F4EF056C49}.Release|x86.Build.0 = Release|Win32
		{306E81EB-D50B-469D-95DF-94FD1CCA6314}.Debug|x64.ActiveCfg = Debug|x64
		{306E81EB-D50B-469D-95DF-94FD1CCA6314}.Debug|x64.Build.0 = Debug|x64
		{306E81EB-D50B-469D-95DF-94FD1CCA6314}.Debug|x86.ActiveCfg = Debug|Win32
		{306E81EB-D50B-469D-95DF-94FD1CCA6314}.Debug|x86.Build.0 = Debug|Win32
		{306E81EB-D50B-469D-95DF-94FD1CCA6314}.Release|x64.ActiveCfg = Release|x64
		{306E81EB-D50B-469D-95DF-94FD1CCA6314}.Release|x64.Build.0 = Release|x64
		{306E81EB-D50B-469D-95DF-94FD1CCA6314}.Release|x86.ActiveCfg = Release|Win32
		{306E81EB-D50B-469D-95DF-94FD1CCA6314}.Release|x86.Build.0 = Release|Win32
		{25A5EF81-309E-43E8-8F0A-DEBA29C753F3}.Debug|x64.ActiveCfg = Debug|x64
		{25A5EF81-309E-43E8-8F0A-DEBA29C753F3}.Debug|x64.Build.0 = Debug|x64
		{25A5EF81-309E-43E8-8F0A-DEBA29C753F3}.Debug|x86.ActiveCfg = Debug|Win32
		{25A5EF81-309E-43E8-8F0A-DEBA29C753F3}.Debug|x86.Build.0 = Debug|Win32
		{25A5EF81-309E-43E8-8F0A-DEBA29C753F3}.Release|x64.ActiveCfg = Release|x64
		{25A5EF81-309E-43E8-8F0A-DEBA29C753F3}.Release|x64.Build.0 = Release|x64
		{25A5EF81-309E-43E8-8F0A-DEBA29C753F3}.Release|x86.ActiveCfg = Release|Win32
		{25A5EF81-309E-43E8-8F0A-DEBA29C753F3}.Release|x86.Build.0 = Release|Win32
		{EDB4585D-7AFF-4E74-8488-8B943CCB60C2}.Debug|x64.ActiveCfg = Debug|x64
		{EDB4585D-7AFF-4E74-8488-8B943CCB60C2}.Debug|x64.Build.0 = Debug|x64
		{EDB4585D-7AFF-4E74-8488-8B943CCB60C2}.Debug|x86.ActiveCfg = Debug|Win32
		{EDB4585D-7AFF-4E74-8488-8B943CCB60C2}.Debug|x86.Build.0 = Debug|Win32
		{EDB4585D-7AFF-4E74-8488-8B943CCB60C2}.Release|x64.ActiveCfg = Release|x64
		{EDB4585D-7AFF-4E74-8488-8B943CCB60C2}.Release|x64.Build.0 = Release|x64
		{EDB4585D-7AFF-4E74-8488-8B943CCB60C2}.Release|x86.ActiveCfg = Release|Win32
		{EDB4585D-7AFF-4E74-8488-8B943CCB60C2}.Release|x86.Build.0 = Release|Win32
		{B12514FD-3A35-456B-8F1C-3E63B4E8A517}.Debug|x64.ActiveCfg = Debug|x64
		{B12514FD-3A35-456B-8F1C-3E63B4E8A517}.Debug|x64.Build.0 = Debug|x64
		{B12514FD-3A35-456B-8F1C-3E63B4E8A517}.Debug|x86.ActiveCfg = Debug|Win32
		{B12514FD-3A35-456B-8F1C-3E63B4E8A517}.Debug|x86.Build.0 = Debug|Win32
		{B12514FD-3A35-456B-8F1C-3E63B4E8A517}.Release|x64.ActiveCfg = Release|x64
		{B12514FD-3A35-456B-8F1C-3E63B4E8A517}.Release|x64.Build.0 = Release|x64
		{B12514FD-3A35-456B-8F1C-3E63B4E8A517}.Release|x86.ActiveCfg = Release|Win32
		{B12514FD-3A35-456B-8F1C-3E63B4E8A517}.Release|x86.Build.0 = Release|Win32
		{A5290C6A-3205-4EB9-B0F7-BADC674EC931}.Debug|x64.ActiveCfg = Debug|x64
		{A5290C6A-3205-4EB9-B0F7-BADC674EC931}.Debug|x64.Build.0 = Debug|x64
		{A5290C6A-3205-4EB9-B0F7-BADC674EC931}.Debug|x86.ActiveCfg = Debug|Win32
		{A5290C6A-3205-4EB9-B0F7-BADC674EC931}.Debug|x86.Build.0 = Debug|Win32
		{A5290C6A-3205-4EB9-B0F7-BADC674EC931}.Release|x64.ActiveCfg = Release|x64
		{A5290C6A-3205-4EB9-B0F7-BADC674EC931}.Release|x64.Build.0 = Release|x64
		{A5290C6A-3205-4EB9-B0F7-BADC674EC931}.Release|x86.ActiveCfg = Release|Win32
		{A5290C6A-3205-4EB9-B0F7-BADC674EC931}.Release|x86.Build.0 = Release|Win32
		{FE948910-5F7F-4ABE-A85C-281BFE4053F5}.Debug|x64.ActiveCfg = Debug|x64
		{FE948910-5F7F-4ABE-A85C-281BFE4053F5}.Debug|x64.Build.0 = Debug|x64
		{FE948910-5F7F-4ABE-A85C-281BFE4053F5}.Debug|x86.ActiveCfg = Debug|Win32
		{FE948910-5F7F-4ABE-A85C-281BFE4053F5}.Debug|x86.Build.0 = Debug|Win32
		{FE948910-5F7F-4ABE-A85C-281BFE4053F5}.Release|x64.ActiveCfg = Release|x64
		{FE948910-5F7F-4ABE-A85C-281BFE4053F5}.Release|x64.Build.0 = Release|x64
		{FE948910-5F7F-4ABE-A85C-281BFE4053F5}.Release|x86.ActiveCfg = Release|Win32
		{FE948910-5F7F-4ABE-A85C-281BFE4053F5}.Release|x86.Build.0 = Release|Win32
		{A43E7333-870E-4257-9350-EA90B82DEC03}.Debug|x64.ActiveCfg = Debug|x64
		{A43E7333-870E-4257-9350-EA90B82DEC03}.Debug|x64.Build.0 = Debug|x64
		{A43E7333-870E-4257-9350-EA90B82DEC03}.Debug|x86.ActiveCfg = Debug|Win32
		{A43E7333-870E-4257-9350-EA90B82DEC03}.Debug|x86.Build.0 = Debug|Win32
		{A43E7333-870E-4257-9350-EA90B82DEC03}.Release|x64.ActiveCfg = Release|x64
		{A43E7333-870E-4257-9350-EA90B82DEC03}.Release|x64.Build.0 = Release|x64
		{A43E7333-870E-4257-9350-EA90B82DEC03}.Release|x86.ActiveCfg = Release|Win32
		{A43E7333-870E-4257-9350-EA90B82DEC03}.Release|x86.Build.0 = Release|Win32
		{E774994C-6D19-4CC7-946F-EA98C1F00264}.Debug|x64.ActiveCfg = Debug|x64
		{E774994C-6D19-4CC7-946F-EA98C1F00264}.Debug|x64.Build.0 = Debug|x64
		{E774994C-6D19-4CC7-946F-EA98C1F00264}.Debug|x86.ActiveCfg = Debug|Win32
		{E774994C-6D19-4CC7-946F-EA98C1F00264}.Debug|x86.Build.0 = Debug|Win32
		{E774994C-6D19-4CC7-946F-EA98C1F00264}.Release|x64.ActiveCfg = Release|x64
		{E774994C-6D19-4CC7-946F-EA98C1F00264}.Release|x64.Build.0 = Release|x64
		{E774994C-6D19-4CC7-946F-EA98C1F00264}.Release|x86.ActiveCfg = Release|Win32
		{E774994C-6D19-4CC7-946F-EA98C1F00264}.Release|x86.Build.0 = Release|Win32
		{CB25CAFF-920B-4CC2-BF92-D5CCB7833159}.Debug|x64.ActiveCfg = Debug|x64
		{CB25CAFF-920B-4CC2-BF92-D5CCB7833159}.Debug|x64.Build.0 = Debug|x64
		{CB25CAFF-920B-4CC2-BF92-D5CCB7833159}.Debug|x86.ActiveCfg = Debug|Win32
		{CB25CAFF-920B-4CC2-BF92-D5CCB7833159}.Debug|x86.Build.0 = Debug|Win32
		{CB25CAFF-920B-4CC2-BF92-D5CCB7833159}.Release|x64.ActiveCfg = Release|x64
		{CB25CAFF-920B-4CC2-BF92-D5CCB7833159}.Release|x64.Build.0 = Release|x64
		{CB25CAFF-920B-4CC2-BF92-D5CCB7833159}.Release|x86.ActiveCfg = Release|Win32
		{CB25CAFF-920B-4CC2-BF92-D5CCB7833159}.Release|x86.Build.0 = Release|Win32
		{4F388C6E-30FE-4CF7-8843-DF3DE7057A83}.Debug|x64.ActiveCfg = Debug|x64
		{4F388C6E-30FE-4CF7-8843-DF3DE7057A83}.Debug|x64.Build.0 = Debug|x64
		{4F388C6E-30FE-4CF7-8843-DF3DE7057A83}.Debug|x86.ActiveCfg = Debug|Win32
		{4F388C6E-30FE-4CF7-8843-DF3DE7057A83}.Debug|x86.Build.0 = Debug|Win32
		{4F388C6E-30FE-4CF7-8843-DF3DE7057A83}.Release|x64.ActiveCfg = Release|x64
		{4F388C6E-30FE-4CF7-8843-DF3DE7057A83}.Release|x64.Build.0 = Release|x64
		{4F388C6E-30FE-4CF7-8843-DF3DE7057A83}.Release|x86.ActiveCfg = Release|Win32
		{4F388C6E-30FE-4CF7-8843-DF3DE7057A83}.Release|x86.Build.0 = Release|Win32
	EndGlobalSection
	GlobalSection(SolutionProperties) = preSolution
		HideSolutionNode = FALSE
	EndGlobalSection
	GlobalSection(ExtensibilityGlobals) = postSolution
		SolutionGuid = {2E766C3F-E6D4-48FA-9094-31574BD076FD}
	EndGlobalSection
EndGlobal
